
Microsoft Visual Studio Solution File, Format Version 12.00
# Visual Studio Version 17
VisualStudioVersion = 17.1.32210.238
MinimumVisualStudioVersion = 10.0.40219.1
Project("{FAE04EC0-301F-11D3-BF4B-00C04F79EFBC}") = "Richa_Que_Ans", "Richa_Que_Ans\Richa_Que_Ans.csproj", "{40DCBFB6-2CDE-4E93-A223-028AFD1BFBAC}"
EndProject
Global
	GlobalSection(SolutionConfigurationPlatforms) = preSolution
		Debug|Any CPU = Debug|Any CPU
		Release|Any CPU = Release|Any CPU
	EndGlobalSection
	GlobalSection(ProjectConfigurationPlatforms) = postSolution
		{40DCBFB6-2CDE-4E93-A223-028AFD1BFBAC}.Debug|Any CPU.ActiveCfg = Debug|Any CPU
		{40DCBFB6-2CDE-4E93-A223-028AFD1BFBAC}.Debug|Any CPU.Build.0 = Debug|Any CPU
		{40DCBFB6-2CDE-4E93-A223-028AFD1BFBAC}.Release|Any CPU.ActiveCfg = Release|Any CPU
		{40DCBFB6-2CDE-4E93-A223-028AFD1BFBAC}.Release|Any CPU.Build.0 = Release|Any CPU
	EndGlobalSection
	GlobalSection(SolutionProperties) = preSolution
		HideSolutionNode = FALSE
	EndGlobalSection
	GlobalSection(ExtensibilityGlobals) = postSolution
		SolutionGuid = {812AEA15-3866-464F-8DE5-5FE2E9B2C84C}
	EndGlobalSection
EndGlobal
